
Microsoft Visual Studio Solution File, Format Version 12.00
# Visual Studio Version 17
VisualStudioVersion = 17.10.35122.118
MinimumVisualStudioVersion = 10.0.40219.1
Project("{FAE04EC0-301F-11D3-BF4B-00C04F79EFBC}") = "EmailServiceAPIFrontend", "EmailServiceAPIFrontend\EmailServiceAPIFrontend.csproj", "{30566DF4-206C-444A-9DDF-DEA7036F398F}"
EndProject
Global
	GlobalSection(SolutionConfigurationPlatforms) = preSolution
		Debug|Any CPU = Debug|Any CPU
		Release|Any CPU = Release|Any CPU
	EndGlobalSection
	GlobalSection(ProjectConfigurationPlatforms) = postSolution
		{30566DF4-206C-444A-9DDF-DEA7036F398F}.Debug|Any CPU.ActiveCfg = Debug|Any CPU
		{30566DF4-206C-444A-9DDF-DEA7036F398F}.Debug|Any CPU.Build.0 = Debug|Any CPU
		{30566DF4-206C-444A-9DDF-DEA7036F398F}.Release|Any CPU.ActiveCfg = Release|Any CPU
		{30566DF4-206C-444A-9DDF-DEA7036F398F}.Release|Any CPU.Build.0 = Release|Any CPU
	EndGlobalSection
	GlobalSection(SolutionProperties) = preSolution
		HideSolutionNode = FALSE
	EndGlobalSection
	GlobalSection(ExtensibilityGlobals) = postSolution
		SolutionGuid = {3553F060-8341-415B-9E69-44E107D68F14}
	EndGlobalSection
EndGlobal
